
Microsoft Visual Studio Solution File, Format Version 12.00
# Visual Studio Version 17
VisualStudioVersion = 17.5.33516.290
MinimumVisualStudioVersion = 10.0.40219.1
Project("{9A19103F-16F7-4668-BE54-9A1E7A4F7556}") = "Azubi.ConnectFour", "Azubi.ConnectFour\Azubi.ConnectFour.csproj", "{F6D062F6-0380-4081-834D-40894230234E}"
EndProject
Project("{9A19103F-16F7-4668-BE54-9A1E7A4F7556}") = "Azubi.ConnectFour.Abstracts", "Azubi.ConnectFour.Abstracts\Azubi.ConnectFour.Abstracts.csproj", "{5A081939-EC01-4B3E-8D7A-E731962EAF36}"
EndProject
Project("{FAE04EC0-301F-11D3-BF4B-00C04F79EFBC}") = "Azubi.ConnectFour.Tests", "Azubi.ConnectFour.Tests\Azubi.ConnectFour.Tests.csproj", "{04B6E2EE-E544-465D-A6AE-BA939C556872}"
EndProject
Global
	GlobalSection(SolutionConfigurationPlatforms) = preSolution
		Debug|Any CPU = Debug|Any CPU
		Release|Any CPU = Release|Any CPU
	EndGlobalSection
	GlobalSection(ProjectConfigurationPlatforms) = postSolution
		{F6D062F6-0380-4081-834D-40894230234E}.Debug|Any CPU.ActiveCfg = Debug|Any CPU
		{F6D062F6-0380-4081-834D-40894230234E}.Debug|Any CPU.Build.0 = Debug|Any CPU
		{F6D062F6-0380-4081-834D-40894230234E}.Release|Any CPU.ActiveCfg = Release|Any CPU
		{F6D062F6-0380-4081-834D-40894230234E}.Release|Any CPU.Build.0 = Release|Any CPU
		{5A081939-EC01-4B3E-8D7A-E731962EAF36}.Debug|Any CPU.ActiveCfg = Debug|Any CPU
		{5A081939-EC01-4B3E-8D7A-E731962EAF36}.Debug|Any CPU.Build.0 = Debug|Any CPU
		{5A081939-EC01-4B3E-8D7A-E731962EAF36}.Release|Any CPU.ActiveCfg = Release|Any CPU
		{5A081939-EC01-4B3E-8D7A-E731962EAF36}.Release|Any CPU.Build.0 = Release|Any CPU
		{04B6E2EE-E544-465D-A6AE-BA939C556872}.Debug|Any CPU.ActiveCfg = Debug|Any CPU
		{04B6E2EE-E544-465D-A6AE-BA939C556872}.Debug|Any CPU.Build.0 = Debug|Any CPU
		{04B6E2EE-E544-465D-A6AE-BA939C556872}.Release|Any CPU.ActiveCfg = Release|Any CPU
		{04B6E2EE-E544-465D-A6AE-BA939C556872}.Release|Any CPU.Build.0 = Release|Any CPU
	EndGlobalSection
	GlobalSection(SolutionProperties) = preSolution
		HideSolutionNode = FALSE
	EndGlobalSection
	GlobalSection(ExtensibilityGlobals) = postSolution
		SolutionGuid = {A766721F-00FF-461E-A348-8DB0F0FC026E}
	EndGlobalSection
EndGlobal
